<?xml version="1.0" encoding="utf-8"?>
<Project ToolsVersion="16.0" xmlns="http://schemas.microsoft.com/developer/msbuild/2003">
  <ItemGroup>
    <ClCompile Include="D:\Download\ImageEditing-master\ImageEditing-master\src\Main.cpp">
      <Filter>Source Files</Filter>
    </ClCompile>
    <ClCompile Include="D:\Download\ImageEditing-master\ImageEditing-master\src\ImageWidget.cpp">
      <Filter>Source Files</Filter>
    </ClCompile>
    <ClCompile Include="D:\Download\ImageEditing-master\ImageEditing-master\src\ScriptHandler.cpp">
      <Filter>Source Files</Filter>
    </ClCompile>
    <ClCompile Include="D:\Download\ImageEditing-master\ImageEditing-master\src\TargaImage.cpp">
      <Filter>Source Files</Filter>
    </ClCompile>
  </ItemGroup>
  <ItemGroup>
    <ClInclude Include="D:\Download\ImageEditing-master\ImageEditing-master\src\Globals.h">
      <Filter>Header Files</Filter>
    </ClInclude>
    <ClInclude Include="D:\Download\ImageEditing-master\ImageEditing-master\src\Globals.inl">
      <Filter>Header Files</Filter>
    </ClInclude>
    <ClInclude Include="D:\Download\ImageEditing-master\ImageEditing-master\src\ImageWidget.h">
      <Filter>Header Files</Filter>
    </ClInclude>
    <ClInclude Include="D:\Download\ImageEditing-master\ImageEditing-master\src\ScriptHandler.h">
      <Filter>Header Files</Filter>
    </ClInclude>
    <ClInclude Include="D:\Download\ImageEditing-master\ImageEditing-master\src\TargaImage.h">
      <Filter>Header Files</Filter>
    </ClInclude>
  </ItemGroup>
  <ItemGroup>
    <CustomBuild Include="D:\Download\ImageEditing-master\ImageEditing-master\CMakeLists.txt" />
  </ItemGroup>
  <ItemGroup>
    <Filter Include="Header Files">
      <UniqueIdentifier>{E85C8C09-F146-3BE2-83D9-FCD85043A9CE}</UniqueIdentifier>
    </Filter>
    <Filter Include="Source Files">
      <UniqueIdentifier>{46E0C2B5-EFBA-3D10-A823-1668C5467CF5}</UniqueIdentifier>
    </Filter>
  </ItemGroup>
</Project>
